
Microsoft Visual Studio Solution File, Format Version 12.00
# Visual Studio 15
VisualStudioVersion = 15.0.27703.2035
MinimumVisualStudioVersion = 10.0.40219.1
Project("{FAE04EC0-301F-11D3-BF4B-00C04F79EFBC}") = "Wechat.Demo", "Wechat.Demo\Wechat.Demo.csproj", "{471426E0-5D56-4373-955C-30662C559BA3}"
EndProject
Global
	GlobalSection(SolutionConfigurationPlatforms) = preSolution
		Debug|Any CPU = Debug|Any CPU
		Release|Any CPU = Release|Any CPU
	EndGlobalSection
	GlobalSection(ProjectConfigurationPlatforms) = postSolution
		{471426E0-5D56-4373-955C-30662C559BA3}.Debug|Any CPU.ActiveCfg = Debug|Any CPU
		{471426E0-5D56-4373-955C-30662C559BA3}.Debug|Any CPU.Build.0 = Debug|Any CPU
		{471426E0-5D56-4373-955C-30662C559BA3}.Release|Any CPU.ActiveCfg = Release|Any CPU
		{471426E0-5D56-4373-955C-30662C559BA3}.Release|Any CPU.Build.0 = Release|Any CPU
	EndGlobalSection
	GlobalSection(SolutionProperties) = preSolution
		HideSolutionNode = FALSE
	EndGlobalSection
	GlobalSection(ExtensibilityGlobals) = postSolution
		SolutionGuid = {8467CDED-F7B6-4744-81A4-541C14280C7D}
	EndGlobalSection
EndGlobal
